Microsoft Visual Studio Solution File, Format Version 12.00
# Visual Studio Version 17
VisualStudioVersion = 17.13.35825.156
MinimumVisualStudioVersion = 10.0.40219.1
Project("{8BC9CEB8-8B4A-11D0-8D11-00A0C91BC942}") = "Common", "Common\Common.vcxproj", "{7DB874A9-D4CA-457E-B8BC-3A1A56020163}"
EndProject
Project("{8BC9CEB8-8B4A-11D0-8D11-00A0C91BC942}") = "02_DrawTriangle", "02_DrawTriangle\DrawTriangle.vcxproj", "{73940E81-FD5D-4634-A975-C1895BE91BF2}"
EndProject
Project("{8BC9CEB8-8B4A-11D0-8D11-00A0C91BC942}") = "01_ClearScreen", "01_ClearScreen\ClearScreen.vcxproj", "{7F680B85-8133-47DC-AFAD-98980F6D9185}"
EndProject
Project("{8BC9CEB8-8B4A-11D0-8D11-00A0C91BC942}") = "02_DrawRectangle", "02_DrawRectangle\DrawRectangle.vcxproj", "{72234623-185F-4128-95EE-B88D7749F12B}"
EndProject
Project("{8BC9CEB8-8B4A-11D0-8D11-00A0C91BC942}") = "03_DrawMesh", "03_DrawMesh\DrawMesh.vcxproj", "{358274BF-9F61-4175-8287-9D8FAAF34060}"
EndProject
Project("{8BC9CEB8-8B4A-11D0-8D11-00A0C91BC942}") = "05_Lighting", "05_Lighting\Lighting.vcxproj", "{11B39EB9-21A7-4B90-A74D-868165B723F4}"
EndProject
Project("{8BC9CEB8-8B4A-11D0-8D11-00A0C91BC942}") = "04_RenderTexture", "04_RenderTexture\RenderTexture.vcxproj", "{CD991A5C-5E4A-4345-86D7-9BC8DF6F5952}"
EndProject
Project("{8BC9CEB8-8B4A-11D0-8D11-00A0C91BC942}") = "06_DrawTextureAndSkybox", "06_DrawTextureAndSkybox\DrawTextureAndSkybox.vcxproj", "{845412A7-FA87-457D-B2CC-759E00917559}"
EndProject
Project("{8BC9CEB8-8B4A-11D0-8D11-00A0C91BC942}") = "07_PhongShading", "07_PhongShading\PhongShading.vcxproj", "{33EA7D90-F00D-4495-96FA-5E739BABEA3D}"
EndProject
Project("{8BC9CEB8-8B4A-11D0-8D11-00A0C91BC942}") = "08_NormalMapping", "08_NormalMapping\NormalMapping.vcxproj", "{26919AA7-B68D-4CAE-A724-880CBB1BD562}"
EndProject
Project("{8BC9CEB8-8B4A-11D0-8D11-00A0C91BC942}") = "09_FBXLoad", "09_FBXLoad\FBXLoad.vcxproj", "{5EDA7A6B-4E04-41B7-BE49-F121BB9D153D}"
EndProject
Project("{8BC9CEB8-8B4A-11D0-8D11-00A0C91BC942}") = "10_TranslucentRender", "10_TranslucentRender\TranslucentRender.vcxproj", "{1183D7CF-F744-44A2-844A-61ED0918F05B}"
EndProject
Project("{8BC9CEB8-8B4A-11D0-8D11-00A0C91BC942}") = "11_BoneTransformAnimation", "11_BoneTransformAnimation\11_BoneTransformAnimation.vcxproj", "{71CFE3C4-BEEE-464A-B5E5-189C6BA36697}"
EndProject
Project("{8BC9CEB8-8B4A-11D0-8D11-00A0C91BC942}") = "12_SkinnedAnimation", "12_SkinnedAnimation\12_SkinnedAnimation.vcxproj", "{F5B96F59-6D2A-452E-82B3-B454F40CDD3B}"
EndProject
Project("{8BC9CEB8-8B4A-11D0-8D11-00A0C91BC942}") = "13_ShadowMapping", "13_ShadowMapping\13_ShadowMapping.vcxproj", "{F836FC39-77B8-4E35-BBAB-C8F4C8B3951D}"
EndProject
Project("{8BC9CEB8-8B4A-11D0-8D11-00A0C91BC942}") = "15_CartoonRendering", "15_CartoonRendering\15_CartoonRendering.vcxproj", "{F874E65F-2F72-4BC7-8600-F5780E68866F}"
EndProject
Project("{8BC9CEB8-8B4A-11D0-8D11-00A0C91BC942}") = "17_ResourceManager", "17_ResourceManager\17_ResourceManager.vcxproj", "{EA823961-7842-490E-9BD6-C3EC942E7AF1}"
EndProject
Project("{8BC9CEB8-8B4A-11D0-8D11-00A0C91BC942}") = "18_PBR1", "18_PBR1\18_PBR1.vcxproj", "{DFFF4D60-050D-4DB5-B73C-A775218A93DB}"
EndProject
Project("{8BC9CEB8-8B4A-11D0-8D11-00A0C91BC942}") = "19_ToneMapping", "19_ToneMapping\19_ToneMapping.vcxproj", "{F2DCAB1C-FDCA-4AD2-B991-69A822CAE458}"
EndProject
Project("{8BC9CEB8-8B4A-11D0-8D11-00A0C91BC942}") = "20_DeferredRendering", "20_DeferredRendering\20_DeferredRendering.vcxproj", "{76F5AE96-D8DE-46A7-8A9D-EA087F13F919}"
EndProject
Global
	GlobalSection(SolutionConfigurationPlatforms) = preSolution
		Debug|x64 = Debug|x64
		Debug|x86 = Debug|x86
		Release|x64 = Release|x64
		Release|x86 = Release|x86
	EndGlobalSection
	GlobalSection(ProjectConfigurationPlatforms) = postSolution
		{7DB874A9-D4CA-457E-B8BC-3A1A56020163}.Debug|x64.ActiveCfg = Debug|x64
		{7DB874A9-D4CA-457E-B8BC-3A1A56020163}.Debug|x64.Build.0 = Debug|x64
		{7DB874A9-D4CA-457E-B8BC-3A1A56020163}.Debug|x86.ActiveCfg = Debug|Win32
		{7DB874A9-D4CA-457E-B8BC-3A1A56020163}.Debug|x86.Build.0 = Debug|Win32
		{7DB874A9-D4CA-457E-B8BC-3A1A56020163}.Release|x64.ActiveCfg = Release|x64
		{7DB874A9-D4CA-457E-B8BC-3A1A56020163}.Release|x64.Build.0 = Release|x64
		{7DB874A9-D4CA-457E-B8BC-3A1A56020163}.Release|x86.ActiveCfg = Release|Win32
		{7DB874A9-D4CA-457E-B8BC-3A1A56020163}.Release|x86.Build.0 = Release|Win32
		{73940E81-FD5D-4634-A975-C1895BE91BF2}.Debug|x64.ActiveCfg = Debug|x64
		{73940E81-FD5D-4634-A975-C1895BE91BF2}.Debug|x64.Build.0 = Debug|x64
		{73940E81-FD5D-4634-A975-C1895BE91BF2}.Debug|x86.ActiveCfg = Debug|Win32
		{73940E81-FD5D-4634-A975-C1895BE91BF2}.Debug|x86.Build.0 = Debug|Win32
		{73940E81-FD5D-4634-A975-C1895BE91BF2}.Release|x64.ActiveCfg = Release|x64
		{73940E81-FD5D-4634-A975-C1895BE91BF2}.Release|x64.Build.0 = Release|x64
		{73940E81-FD5D-4634-A975-C1895BE91BF2}.Release|x86.ActiveCfg = Release|Win32
		{73940E81-FD5D-4634-A975-C1895BE91BF2}.Release|x86.Build.0 = Release|Win32
		{7F680B85-8133-47DC-AFAD-98980F6D9185}.Debug|x64.ActiveCfg = Debug|x64
		{7F680B85-8133-47DC-AFAD-98980F6D9185}.Debug|x64.Build.0 = Debug|x64
		{7F680B85-8133-47DC-AFAD-98980F6D9185}.Debug|x86.ActiveCfg = Debug|Win32
		{7F680B85-8133-47DC-AFAD-98980F6D9185}.Debug|x86.Build.0 = Debug|Win32
		{7F680B85-8133-47DC-AFAD-98980F6D9185}.Release|x64.ActiveCfg = Release|x64
		{7F680B85-8133-47DC-AFAD-98980F6D9185}.Release|x64.Build.0 = Release|x64
		{7F680B85-8133-47DC-AFAD-98980F6D9185}.Release|x86.ActiveCfg = Release|Win32
		{7F680B85-8133-47DC-AFAD-98980F6D9185}.Release|x86.Build.0 = Release|Win32
		{72234623-185F-4128-95EE-B88D7749F12B}.Debug|x64.ActiveCfg = Debug|x64
		{72234623-185F-4128-95EE-B88D7749F12B}.Debug|x64.Build.0 = Debug|x64
		{72234623-185F-4128-95EE-B88D7749F12B}.Debug|x86.ActiveCfg = Debug|Win32
		{72234623-185F-4128-95EE-B88D7749F12B}.Debug|x86.Build.0 = Debug|Win32
		{72234623-185F-4128-95EE-B88D7749F12B}.Release|x64.ActiveCfg = Release|x64
		{72234623-185F-4128-95EE-B88D7749F12B}.Release|x64.Build.0 = Release|x64
		{72234623-185F-4128-95EE-B88D7749F12B}.Release|x86.ActiveCfg = Release|Win32
		{72234623-185F-4128-95EE-B88D7749F12B}.Release|x86.Build.0 = Release|Win32
		{358274BF-9F61-4175-8287-9D8FAAF34060}.Debug|x64.ActiveCfg = Debug|x64
		{358274BF-9F61-4175-8287-9D8FAAF34060}.Debug|x64.Build.0 = Debug|x64
		{358274BF-9F61-4175-8287-9D8FAAF34060}.Debug|x86.ActiveCfg = Debug|Win32
		{358274BF-9F61-4175-8287-9D8FAAF34060}.Debug|x86.Build.0 = Debug|Win32
		{358274BF-9F61-4175-8287-9D8FAAF34060}.Release|x64.ActiveCfg = Release|x64
		{358274BF-9F61-4175-8287-9D8FAAF34060}.Release|x64.Build.0 = Release|x64
		{358274BF-9F61-4175-8287-9D8FAAF34060}.Release|x86.ActiveCfg = Release|Win32
		{358274BF-9F61-4175-8287-9D8FAAF34060}.Release|x86.Build.0 = Release|Win32
		{11B39EB9-21A7-4B90-A74D-868165B723F4}.Debug|x64.ActiveCfg = Debug|x64
		{11B39EB9-21A7-4B90-A74D-868165B723F4}.Debug|x64.Build.0 = Debug|x64
		{11B39EB9-21A7-4B90-A74D-868165B723F4}.Debug|x86.ActiveCfg = Debug|Win32
		{11B39EB9-21A7-4B90-A74D-868165B723F4}.Debug|x86.Build.0 = Debug|Win32
		{11B39EB9-21A7-4B90-A74D-868165B723F4}.Release|x64.ActiveCfg = Release|x64
		{11B39EB9-21A7-4B90-A74D-868165B723F4}.Release|x64.Build.0 = Release|x64
		{11B39EB9-21A7-4B90-A74D-868165B723F4}.Release|x86.ActiveCfg = Release|Win32
		{11B39EB9-21A7-4B90-A74D-868165B723F4}.Release|x86.Build.0 = Release|Win32
		{CD991A5C-5E4A-4345-86D7-9BC8DF6F5952}.Debug|x64.ActiveCfg = Debug|x64
		{CD991A5C-5E4A-4345-86D7-9BC8DF6F5952}.Debug|x64.Build.0 = Debug|x64
		{CD991A5C-5E4A-4345-86D7-9BC8DF6F5952}.Debug|x86.ActiveCfg = Debug|Win32
		{CD991A5C-5E4A-4345-86D7-9BC8DF6F5952}.Debug|x86.Build.0 = Debug|Win32
		{CD991A5C-5E4A-4345-86D7-9BC8DF6F5952}.Release|x64.ActiveCfg = Release|x64
		{CD991A5C-5E4A-4345-86D7-9BC8DF6F5952}.Release|x64.Build.0 = Release|x64
		{CD991A5C-5E4A-4345-86D7-9BC8DF6F5952}.Release|x86.ActiveCfg = Release|Win32
		{CD991A5C-5E4A-4345-86D7-9BC8DF6F5952}.Release|x86.Build.0 = Release|Win32
		{845412A7-FA87-457D-B2CC-759E00917559}.Debug|x64.ActiveCfg = Debug|x64
		{845412A7-FA87-457D-B2CC-759E00917559}.Debug|x64.Build.0 = Debug|x64
		{845412A7-FA87-457D-B2CC-759E00917559}.Debug|x86.ActiveCfg = Debug|Win32
		{845412A7-FA87-457D-B2CC-759E00917559}.Debug|x86.Build.0 = Debug|Win32
		{845412A7-FA87-457D-B2CC-759E00917559}.Release|x64.ActiveCfg = Release|x64
		{845412A7-FA87-457D-B2CC-759E00917559}.Release|x64.Build.0 = Release|x64
		{845412A7-FA87-457D-B2CC-759E00917559}.Release|x86.ActiveCfg = Release|Win32
		{845412A7-FA87-457D-B2CC-759E00917559}.Release|x86.Build.0 = Release|Win32
		{33EA7D90-F00D-4495-96FA-5E739BABEA3D}.Debug|x64.ActiveCfg = Debug|x64
		{33EA7D90-F00D-4495-96FA-5E739BABEA3D}.Debug|x64.Build.0 = Debug|x64
		{33EA7D90-F00D-4495-96FA-5E739BABEA3D}.Debug|x86.ActiveCfg = Debug|Win32
		{33EA7D90-F00D-4495-96FA-5E739BABEA3D}.Debug|x86.Build.0 = Debug|Win32
		{33EA7D90-F00D-4495-96FA-5E739BABEA3D}.Release|x64.ActiveCfg = Release|x64
		{33EA7D90-F00D-4495-96FA-5E739BABEA3D}.Release|x64.Build.0 = Release|x64
		{33EA7D90-F00D-4495-96FA-5E739BABEA3D}.Release|x86.ActiveCfg = Release|Win32
		{33EA7D90-F00D-4495-96FA-5E739BABEA3D}.Release|x86.Build.0 = Release|Win32
		{26919AA7-B68D-4CAE-A724-880CBB1BD562}.Debug|x64.ActiveCfg = Debug|x64
		{26919AA7-B68D-4CAE-A724-880CBB1BD562}.Debug|x64.Build.0 = Debug|x64
		{26919AA7-B68D-4CAE-A724-880CBB1BD562}.Debug|x86.ActiveCfg = Debug|Win32
		{26919AA7-B68D-4CAE-A724-880CBB1BD562}.Debug|x86.Build.0 = Debug|Win32
		{26919AA7-B68D-4CAE-A724-880CBB1BD562}.Release|x64.ActiveCfg = Release|x64
		{26919AA7-B68D-4CAE-A724-880CBB1BD562}.Release|x64.Build.0 = Release|x64
		{26919AA7-B68D-4CAE-A724-880CBB1BD562}.Release|x86.ActiveCfg = Release|Win32
		{26919AA7-B68D-4CAE-A724-880CBB1BD562}.Release|x86.Build.0 = Release|Win32
		{5EDA7A6B-4E04-41B7-BE49-F121BB9D153D}.Debug|x64.ActiveCfg = Debug|x64
		{5EDA7A6B-4E04-41B7-BE49-F121BB9D153D}.Debug|x64.Build.0 = Debug|x64
		{5EDA7A6B-4E04-41B7-BE49-F121BB9D153D}.Debug|x86.ActiveCfg = Debug|Win32
		{5EDA7A6B-4E04-41B7-BE49-F121BB9D153D}.Debug|x86.Build.0 = Debug|Win32
		{5EDA7A6B-4E04-41B7-BE49-F121BB9D153D}.Release|x64.ActiveCfg = Release|x64
		{5EDA7A6B-4E04-41B7-BE49-F121BB9D153D}.Release|x64.Build.0 = Release|x64
		{5EDA7A6B-4E04-41B7-BE49-F121BB9D153D}.Release|x86.ActiveCfg = Release|Win32
		{5EDA7A6B-4E04-41B7-BE49-F121BB9D153D}.Release|x86.Build.0 = Release|Win32
		{1183D7CF-F744-44A2-844A-61ED0918F05B}.Debug|x64.ActiveCfg = Debug|x64
		{1183D7CF-F744-44A2-844A-61ED0918F05B}.Debug|x64.Build.0 = Debug|x64
		{1183D7CF-F744-44A2-844A-61ED0918F05B}.Debug|x86.ActiveCfg = Debug|Win32
		{1183D7CF-F744-44A2-844A-61ED0918F05B}.Debug|x86.Build.0 = Debug|Win32
		{1183D7CF-F744-44A2-844A-61ED0918F05B}.Release|x64.ActiveCfg = Release|x64
		{1183D7CF-F744-44A2-844A-61ED0918F05B}.Release|x64.Build.0 = Release|x64
		{1183D7CF-F744-44A2-844A-61ED0918F05B}.Release|x86.ActiveCfg = Release|Win32
		{1183D7CF-F744-44A2-844A-61ED0918F05B}.Release|x86.Build.0 = Release|Win32
		{71CFE3C4-BEEE-464A-B5E5-189C6BA36697}.Debug|x64.ActiveCfg = Debug|x64
		{71CFE3C4-BEEE-464A-B5E5-189C6BA36697}.Debug|x64.Build.0 = Debug|x64
		{71CFE3C4-BEEE-464A-B5E5-189C6BA36697}.Debug|x86.ActiveCfg = Debug|Win32
		{71CFE3C4-BEEE-464A-B5E5-189C6BA36697}.Debug|x86.Build.0 = Debug|Win32
		{71CFE3C4-BEEE-464A-B5E5-189C6BA36697}.Release|x64.ActiveCfg = Release|x64
		{71CFE3C4-BEEE-464A-B5E5-189C6BA36697}.Release|x64.Build.0 = Release|x64
		{71CFE3C4-BEEE-464A-B5E5-189C6BA36697}.Release|x86.ActiveCfg = Release|Win32
		{71CFE3C4-BEEE-464A-B5E5-189C6BA36697}.Release|x86.Build.0 = Release|Win32
		{F5B96F59-6D2A-452E-82B3-B454F40CDD3B}.Debug|x64.ActiveCfg = Debug|x64
		{F5B96F59-6D2A-452E-82B3-B454F40CDD3B}.Debug|x64.Build.0 = Debug|x64
		{F5B96F59-6D2A-452E-82B3-B454F40CDD3B}.Debug|x86.ActiveCfg = Debug|Win32
		{F5B96F59-6D2A-452E-82B3-B454F40CDD3B}.Debug|x86.Build.0 = Debug|Win32
		{F5B96F59-6D2A-452E-82B3-B454F40CDD3B}.Release|x64.ActiveCfg = Release|x64
		{F5B96F59-6D2A-452E-82B3-B454F40CDD3B}.Release|x64.Build.0 = Release|x64
		{F5B96F59-6D2A-452E-82B3-B454F40CDD3B}.Release|x86.ActiveCfg = Release|Win32
		{F5B96F59-6D2A-452E-82B3-B454F40CDD3B}.Release|x86.Build.0 = Release|Win32
		{F836FC39-77B8-4E35-BBAB-C8F4C8B3951D}.Debug|x64.ActiveCfg = Debug|x64
		{F836FC39-77B8-4E35-BBAB-C8F4C8B3951D}.Debug|x64.Build.0 = Debug|x64
		{F836FC39-77B8-4E35-BBAB-C8F4C8B3951D}.Debug|x86.ActiveCfg = Debug|Win32
		{F836FC39-77B8-4E35-BBAB-C8F4C8B3951D}.Debug|x86.Build.0 = Debug|Win32
		{F836FC39-77B8-4E35-BBAB-C8F4C8B3951D}.Release|x64.ActiveCfg = Release|x64
		{F836FC39-77B8-4E35-BBAB-C8F4C8B3951D}.Release|x64.Build.0 = Release|x64
		{F836FC39-77B8-4E35-BBAB-C8F4C8B3951D}.Release|x86.ActiveCfg = Release|Win32
		{F836FC39-77B8-4E35-BBAB-C8F4C8B3951D}.Release|x86.Build.0 = Release|Win32
		{F874E65F-2F72-4BC7-8600-F5780E68866F}.Debug|x64.ActiveCfg = Debug|x64
		{F874E65F-2F72-4BC7-8600-F5780E68866F}.Debug|x64.Build.0 = Debug|x64
		{F874E65F-2F72-4BC7-8600-F5780E68866F}.Debug|x86.ActiveCfg = Debug|Win32
		{F874E65F-2F72-4BC7-8600-F5780E68866F}.Debug|x86.Build.0 = Debug|Win32
		{F874E65F-2F72-4BC7-8600-F5780E68866F}.Release|x64.ActiveCfg = Release|x64
		{F874E65F-2F72-4BC7-8600-F5780E68866F}.Release|x64.Build.0 = Release|x64
		{F874E65F-2F72-4BC7-8600-F5780E68866F}.Release|x86.ActiveCfg = Release|Win32
		{F874E65F-2F72-4BC7-8600-F5780E68866F}.Release|x86.Build.0 = Release|Win32
		{EA823961-7842-490E-9BD6-C3EC942E7AF1}.Debug|x64.ActiveCfg = Debug|x64
		{EA823961-7842-490E-9BD6-C3EC942E7AF1}.Debug|x64.Build.0 = Debug|x64
		{EA823961-7842-490E-9BD6-C3EC942E7AF1}.Debug|x86.ActiveCfg = Debug|Win32
		{EA823961-7842-490E-9BD6-C3EC942E7AF1}.Debug|x86.Build.0 = Debug|Win32
		{EA823961-7842-490E-9BD6-C3EC942E7AF1}.Release|x64.ActiveCfg = Release|x64
		{EA823961-7842-490E-9BD6-C3EC942E7AF1}.Release|x64.Build.0 = Release|x64
		{EA823961-7842-490E-9BD6-C3EC942E7AF1}.Release|x86.ActiveCfg = Release|Win32
		{EA823961-7842-490E-9BD6-C3EC942E7AF1}.Release|x86.Build.0 = Release|Win32
		{DFFF4D60-050D-4DB5-B73C-A775218A93DB}.Debug|x64.ActiveCfg = Debug|x64
		{DFFF4D60-050D-4DB5-B73C-A775218A93DB}.Debug|x64.Build.0 = Debug|x64
		{DFFF4D60-050D-4DB5-B73C-A775218A93DB}.Debug|x86.ActiveCfg = Debug|Win32
		{DFFF4D60-050D-4DB5-B73C-A775218A93DB}.Debug|x86.Build.0 = Debug|Win32
		{DFFF4D60-050D-4DB5-B73C-A775218A93DB}.Release|x64.ActiveCfg = Release|x64
		{DFFF4D60-050D-4DB5-B73C-A775218A93DB}.Release|x64.Build.0 = Release|x64
		{DFFF4D60-050D-4DB5-B73C-A775218A93DB}.Release|x86.ActiveCfg = Release|Win32
		{DFFF4D60-050D-4DB5-B73C-A775218A93DB}.Release|x86.Build.0 = Release|Win32
		{F2DCAB1C-FDCA-4AD2-B991-69A822CAE458}.Debug|x64.ActiveCfg = Debug|x64
		{F2DCAB1C-FDCA-4AD2-B991-69A822CAE458}.Debug|x64.Build.0 = Debug|x64
		{F2DCAB1C-FDCA-4AD2-B991-69A822CAE458}.Debug|x86.ActiveCfg = Debug|Win32
		{F2DCAB1C-FDCA-4AD2-B991-69A822CAE458}.Debug|x86.Build.0 = Debug|Win32
		{F2DCAB1C-FDCA-4AD2-B991-69A822CAE458}.Release|x64.ActiveCfg = Release|x64
		{F2DCAB1C-FDCA-4AD2-B991-69A822CAE458}.Release|x64.Build.0 = Release|x64
		{F2DCAB1C-FDCA-4AD2-B991-69A822CAE458}.Release|x86.ActiveCfg = Release|Win32
		{F2DCAB1C-FDCA-4AD2-B991-69A822CAE458}.Release|x86.Build.0 = Release|Win32
		{76F5AE96-D8DE-46A7-8A9D-EA087F13F919}.Debug|x64.ActiveCfg = Debug|x64
		{76F5AE96-D8DE-46A7-8A9D-EA087F13F919}.Debug|x64.Build.0 = Debug|x64
		{76F5AE96-D8DE-46A7-8A9D-EA087F13F919}.Debug|x86.ActiveCfg = Debug|Win32
		{76F5AE96-D8DE-46A7-8A9D-EA087F13F919}.Debug|x86.Build.0 = Debug|Win32
		{76F5AE96-D8DE-46A7-8A9D-EA087F13F919}.Release|x64.ActiveCfg = Release|x64
		{76F5AE96-D8DE-46A7-8A9D-EA087F13F919}.Release|x64.Build.0 = Release|x64
		{76F5AE96-D8DE-46A7-8A9D-EA087F13F919}.Release|x86.ActiveCfg = Release|Win32
		{76F5AE96-D8DE-46A7-8A9D-EA087F13F919}.Release|x86.Build.0 = Release|Win32
	EndGlobalSection
	GlobalSection(SolutionProperties) = preSolution
		HideSolutionNode = FALSE
	EndGlobalSection
	GlobalSection(ExtensibilityGlobals) = postSolution
		SolutionGuid = {95E61070-4651-42E0-81EF-4C301A5C4CF4}
	EndGlobalSection
EndGlobal
